// !$*UTF8*$!
{
	archiveVersion = 1;
	classes = {
	};
	objectVersion = 60;
	objects = {

/* Begin PBXBuildFile section */
		CF6A5BE72CDDF65F0086255E /* SMIMECrypt.h in Headers */ = {isa = PBXBuildFile; fileRef = CF6A5BE62CDDF65F0086255E /* SMIMECrypt.h */; settings = {ATTRIBUTES = (Public, ); }; };
		CF6A5BEF2CDDF6760086255E /* SMCrypt.h in Headers */ = {isa = PBXBuildFile; fileRef = CF6A5BED2CDDF6760086255E /* SMCrypt.h */; settings = {ATTRIBUTES = (Public, ); }; };
		CF6A5BF02CDDF6760086255E /* SMCrypt.m in Sources */ = {isa = PBXBuildFile; fileRef = CF6A5BEE2CDDF6760086255E /* SMCrypt.m */; };
		CF6A5BF32CDDF8310086255E /* OpenSSL.xcframework in Frameworks */ = {isa = PBXBuildFile; fileRef = CF6A5BF12CDDF6840086255E /* OpenSSL.xcframework */; };
		CF6A5BF42CDDF8310086255E /* OpenSSL.xcframework in Embed Frameworks */ = {isa = PBXBuildFile; fileRef = CF6A5BF12CDDF6840086255E /* OpenSSL.xcframework */; settings = {ATTRIBUTES = (CodeSignOnCopy, RemoveHeadersOnCopy, ); }; };
		CF6A5BF82CDDF84E0086255E /* SMIME.c in Sources */ = {isa = PBXBuildFile; fileRef = CF6A5BF62CDDF84E0086255E /* SMIME.c */; };
		CF6A5BF92CDDF84E0086255E /* SMIME.h in Headers */ = {isa = PBXBuildFile; fileRef = CF6A5BF72CDDF84E0086255E /* SMIME.h */; settings = {ATTRIBUTES = (Public, ); }; };
		CF6A5BFC2CDDF91B0086255E /* NSString+Base64Format.h in Headers */ = {isa = PBXBuildFile; fileRef = CF6A5BFA2CDDF91B0086255E /* NSString+Base64Format.h */; };
		CF6A5BFD2CDDF91B0086255E /* NSString+Base64Format.m in Sources */ = {isa = PBXBuildFile; fileRef = CF6A5BFB2CDDF91B0086255E /* NSString+Base64Format.m */; };
/* End PBXBuildFile section */

/* Begin PBXCopyFilesBuildPhase section */
		CF6A5BF52CDDF8310086255E /* Embed Frameworks */ = {
			isa = PBXCopyFilesBuildPhase;
			buildActionMask = 2147483647;
			dstPath = "";
			dstSubfolderSpec = 10;
			files = (
				CF6A5BF42CDDF8310086255E /* OpenSSL.xcframework in Embed Frameworks */,
			);
			name = "Embed Frameworks";
			runOnlyForDeploymentPostprocessing = 0;
		};
/* End PBXCopyFilesBuildPhase section */

/* Begin PBXFileReference section */
		CF6A5BE32CDDF65F0086255E /* SMIMECrypt.framework */ = {isa = PBXFileReference; explicitFileType = wrapper.framework; includeInIndex = 0; path = SMIMECrypt.framework; sourceTree = BUILT_PRODUCTS_DIR; };
		CF6A5BE62CDDF65F0086255E /* SMIMECrypt.h */ = {isa = PBXFileReference; lastKnownFileType = sourcecode.c.h; path = SMIMECrypt.h; sourceTree = "<group>"; };
		CF6A5BED2CDDF6760086255E /* SMCrypt.h */ = {isa = PBXFileReference; lastKnownFileType = sourcecode.c.h; path = SMCrypt.h; sourceTree = "<group>"; };
		CF6A5BEE2CDDF6760086255E /* SMCrypt.m */ = {isa = PBXFileReference; lastKnownFileType = sourcecode.c.objc; path = SMCrypt.m; sourceTree = "<group>"; };
		CF6A5BF12CDDF6840086255E /* OpenSSL.xcframework */ = {isa = PBXFileReference; expectedSignature = "AppleDeveloperProgram:67RAULRX93:Marcin Krzyzanowski"; lastKnownFileType = wrapper.xcframework; path = OpenSSL.xcframework; sourceTree = "<group>"; };
		CF6A5BF62CDDF84E0086255E /* SMIME.c */ = {isa = PBXFileReference; fileEncoding = 4; lastKnownFileType = sourcecode.c.c; path = SMIME.c; sourceTree = "<group>"; };
		CF6A5BF72CDDF84E0086255E /* SMIME.h */ = {isa = PBXFileReference; fileEncoding = 4; lastKnownFileType = sourcecode.c.h; path = SMIME.h; sourceTree = "<group>"; };
		CF6A5BFA2CDDF91B0086255E /* NSString+Base64Format.h */ = {isa = PBXFileReference; fileEncoding = 4; lastKnownFileType = sourcecode.c.h; path = "NSString+Base64Format.h"; sourceTree = "<group>"; };
		CF6A5BFB2CDDF91B0086255E /* NSString+Base64Format.m */ = {isa = PBXFileReference; fileEncoding = 4; lastKnownFileType = sourcecode.c.objc; path = "NSString+Base64Format.m"; sourceTree = "<group>"; };
/* End PBXFileReference section */

/* Begin PBXFrameworksBuildPhase section */
		CF6A5BE02CDDF65F0086255E /* Frameworks */ = {
			isa = PBXFrameworksBuildPhase;
			buildActionMask = 2147483647;
			files = (
				CF6A5BF32CDDF8310086255E /* OpenSSL.xcframework in Frameworks */,
			);
			runOnlyForDeploymentPostprocessing = 0;
		};
/* End PBXFrameworksBuildPhase section */

/* Begin PBXGroup section */
		CF6A5BD92CDDF65F0086255E = {
			isa = PBXGroup;
			children = (
				CF6A5BE52CDDF65F0086255E /* SMIMECrypt */,
				CF6A5BE42CDDF65F0086255E /* Products */,
			);
			sourceTree = "<group>";
		};
		CF6A5BE42CDDF65F0086255E /* Products */ = {
			isa = PBXGroup;
			children = (
				CF6A5BE32CDDF65F0086255E /* SMIMECrypt.framework */,
			);
			name = Products;
			sourceTree = "<group>";
		};
		CF6A5BE52CDDF65F0086255E /* SMIMECrypt */ = {
			isa = PBXGroup;
			children = (
				CF6A5BF12CDDF6840086255E /* OpenSSL.xcframework */,
				CF6A5BE62CDDF65F0086255E /* SMIMECrypt.h */,
				CF6A5BED2CDDF6760086255E /* SMCrypt.h */,
				CF6A5BEE2CDDF6760086255E /* SMCrypt.m */,
				CF6A5BF62CDDF84E0086255E /* SMIME.c */,
				CF6A5BF72CDDF84E0086255E /* SMIME.h */,
				CF6A5BFA2CDDF91B0086255E /* NSString+Base64Format.h */,
				CF6A5BFB2CDDF91B0086255E /* NSString+Base64Format.m */,
			);
			path = SMIMECrypt;
			sourceTree = "<group>";
		};
/* End PBXGroup section */

/* Begin PBXHeadersBuildPhase section */
		CF6A5BDE2CDDF65F0086255E /* Headers */ = {
			isa = PBXHeadersBuildPhase;
			buildActionMask = 2147483647;
			files = (
				CF6A5BF92CDDF84E0086255E /* SMIME.h in Headers */,
				CF6A5BE72CDDF65F0086255E /* SMIMECrypt.h in Headers */,
				CF6A5BEF2CDDF6760086255E /* SMCrypt.h in Headers */,
				CF6A5BFC2CDDF91B0086255E /* NSString+Base64Format.h in Headers */,
			);
			runOnlyForDeploymentPostprocessing = 0;
		};
/* End PBXHeadersBuildPhase section */

/* Begin PBXNativeTarget section */
		CF6A5BE22CDDF65F0086255E /* SMIMECrypt */ = {
			isa = PBXNativeTarget;
			buildConfigurationList = CF6A5BEA2CDDF65F0086255E /* Build configuration list for PBXNativeTarget "SMIMECrypt" */;
			buildPhases = (
				CF6A5BDE2CDDF65F0086255E /* Headers */,
				CF6A5BDF2CDDF65F0086255E /* Sources */,
				CF6A5BE02CDDF65F0086255E /* Frameworks */,
				CF6A5BE12CDDF65F0086255E /* Resources */,
				CF6A5BF52CDDF8310086255E /* Embed Frameworks */,
			);
			buildRules = (
			);
			dependencies = (
			);
			name = SMIMECrypt;
			productName = SMIMECrypt;
			productReference = CF6A5BE32CDDF65F0086255E /* SMIMECrypt.framework */;
			productType = "com.apple.product-type.framework";
		};
/* End PBXNativeTarget section */

/* Begin PBXProject section */
		CF6A5BDA2CDDF65F0086255E /* Project object */ = {
			isa = PBXProject;
			attributes = {
				BuildIndependentTargetsInParallel = 1;
				LastUpgradeCheck = 1500;
				TargetAttributes = {
					CF6A5BE22CDDF65F0086255E = {
						CreatedOnToolsVersion = 15.0;
					};
				};
			};
			buildConfigurationList = CF6A5BDD2CDDF65F0086255E /* Build configuration list for PBXProject "SMIMECrypt" */;
			compatibilityVersion = "Xcode 14.0";
			developmentRegion = en;
			hasScannedForEncodings = 0;
			knownRegions = (
				en,
				Base,
			);
			mainGroup = CF6A5BD92CDDF65F0086255E;
			productRefGroup = CF6A5BE42CDDF65F0086255E /* Products */;
			projectDirPath = "";
			projectRoot = "";
			targets = (
				CF6A5BE22CDDF65F0086255E /* SMIMECrypt */,
			);
		};
/* End PBXProject section */

/* Begin PBXResourcesBuildPhase section */
		CF6A5BE12CDDF65F0086255E /* Resources */ = {
			isa = PBXResourcesBuildPhase;
			buildActionMask = 2147483647;
			files = (
			);
			runOnlyForDeploymentPostprocessing = 0;
		};
/* End PBXResourcesBuildPhase section */

/* Begin PBXSourcesBuildPhase section */
		CF6A5BDF2CDDF65F0086255E /* Sources */ = {
			isa = PBXSourcesBuildPhase;
			buildActionMask = 2147483647;
			files = (
				CF6A5BF02CDDF6760086255E /* SMCrypt.m in Sources */,
				CF6A5BF82CDDF84E0086255E /* SMIME.c in Sources */,
				CF6A5BFD2CDDF91B0086255E /* NSString+Base64Format.m in Sources */,
			);
			runOnlyForDeploymentPostprocessing = 0;
		};
/* End PBXSourcesBuildPhase section */

/* Begin XCBuildConfiguration section */
		CF6A5BE82CDDF65F0086255E /* Debug */ = {
			isa = XCBuildConfiguration;
			buildSettings = {
				ALWAYS_SEARCH_USER_PATHS = NO;
				ASSETCATALOG_COMPILER_GENERATE_SWIFT_ASSET_SYMBOL_EXTENSIONS = YES;
				CLANG_ANALYZER_NONNULL = YES;
				CLANG_ANALYZER_NUMBER_OBJECT_CONVERSION = YES_AGGRESSIVE;
				CLANG_CXX_LANGUAGE_STANDARD = "gnu++20";
				CLANG_ENABLE_MODULES = YES;
				CLANG_ENABLE_OBJC_ARC = YES;
				CLANG_ENABLE_OBJC_WEAK = YES;
				CLANG_WARN_BLOCK_CAPTURE_AUTORELEASING = YES;
				CLANG_WARN_BOOL_CONVERSION = YES;
				CLANG_WARN_COMMA = YES;
				CLANG_WARN_CONSTANT_CONVERSION = YES;
				CLANG_WARN_DEPRECATED_OBJC_IMPLEMENTATIONS = YES;
				CLANG_WARN_DIRECT_OBJC_ISA_USAGE = YES_ERROR;
				CLANG_WARN_DOCUMENTATION_COMMENTS = YES;
				CLANG_WARN_EMPTY_BODY = YES;
				CLANG_WARN_ENUM_CONVERSION = YES;
				CLANG_WARN_INFINITE_RECURSION = YES;
				CLANG_WARN_INT_CONVERSION = YES;
				CLANG_WARN_NON_LITERAL_NULL_CONVERSION = YES;
				CLANG_WARN_OBJC_IMPLICIT_RETAIN_SELF = YES;
				CLANG_WARN_OBJC_LITERAL_CONVERSION = YES;
				CLANG_WARN_OBJC_ROOT_CLASS = YES_ERROR;
				CLANG_WARN_QUOTED_INCLUDE_IN_FRAMEWORK_HEADER = YES;
				CLANG_WARN_RANGE_LOOP_ANALYSIS = YES;
				CLANG_WARN_STRICT_PROTOTYPES = YES;
				CLANG_WARN_SUSPICIOUS_MOVE = YES;
				CLANG_WARN_UNGUARDED_AVAILABILITY = YES_AGGRESSIVE;
				CLANG_WARN_UNREACHABLE_CODE = YES;
				CLANG_WARN__DUPLICATE_METHOD_MATCH = YES;
				COPY_PHASE_STRIP = NO;
				CURRENT_PROJECT_VERSION = 1;
				DEBUG_INFORMATION_FORMAT = dwarf;
				ENABLE_STRICT_OBJC_MSGSEND = YES;
				ENABLE_TESTABILITY = YES;
				ENABLE_USER_SCRIPT_SANDBOXING = YES;
				GCC_C_LANGUAGE_STANDARD = gnu17;
				GCC_DYNAMIC_NO_PIC = NO;
				GCC_NO_COMMON_BLOCKS = YES;
				GCC_OPTIMIZATION_LEVEL = 0;
				GCC_PREPROCESSOR_DEFINITIONS = (
					"DEBUG=1",
					"$(inherited)",
				);
				GCC_WARN_64_TO_32_BIT_CONVERSION = YES;
				GCC_WARN_ABOUT_RETURN_TYPE = YES_ERROR;
				GCC_WARN_UNDECLARED_SELECTOR = YES;
				GCC_WARN_UNINITIALIZED_AUTOS = YES_AGGRESSIVE;
				GCC_WARN_UNUSED_FUNCTION = YES;
				GCC_WARN_UNUSED_VARIABLE = YES;
				IPHONEOS_DEPLOYMENT_TARGET = 12.0;
				LOCALIZATION_PREFERS_STRING_CATALOGS = YES;
				MTL_ENABLE_DEBUG_INFO = INCLUDE_SOURCE;
				MTL_FAST_MATH = YES;
				ONLY_ACTIVE_ARCH = YES;
				SDKROOT = iphoneos;
				VERSIONING_SYSTEM = "apple-generic";
				VERSION_INFO_PREFIX = "";
			};
			name = Debug;
		};
		CF6A5BE92CDDF65F0086255E /* Release */ = {
			isa = XCBuildConfiguration;
			buildSettings = {
				ALWAYS_SEARCH_USER_PATHS = NO;
				ASSETCATALOG_COMPILER_GENERATE_SWIFT_ASSET_SYMBOL_EXTENSIONS = YES;
				CLANG_ANALYZER_NONNULL = YES;
				CLANG_ANALYZER_NUMBER_OBJECT_CONVERSION = YES_AGGRESSIVE;
				CLANG_CXX_LANGUAGE_STANDARD = "gnu++20";
				CLANG_ENABLE_MODULES = YES;
				CLANG_ENABLE_OBJC_ARC = YES;
				CLANG_ENABLE_OBJC_WEAK = YES;
				CLANG_WARN_BLOCK_CAPTURE_AUTORELEASING = YES;
				CLANG_WARN_BOOL_CONVERSION = YES;
				CLANG_WARN_COMMA = YES;
				CLANG_WARN_CONSTANT_CONVERSION = YES;
				CLANG_WARN_DEPRECATED_OBJC_IMPLEMENTATIONS = YES;
				CLANG_WARN_DIRECT_OBJC_ISA_USAGE = YES_ERROR;
				CLANG_WARN_DOCUMENTATION_COMMENTS = YES;
				CLANG_WARN_EMPTY_BODY = YES;
				CLANG_WARN_ENUM_CONVERSION = YES;
				CLANG_WARN_INFINITE_RECURSION = YES;
				CLANG_WARN_INT_CONVERSION = YES;
				CLANG_WARN_NON_LITERAL_NULL_CONVERSION = YES;
				CLANG_WARN_OBJC_IMPLICIT_RETAIN_SELF = YES;
				CLANG_WARN_OBJC_LITERAL_CONVERSION = YES;
				CLANG_WARN_OBJC_ROOT_CLASS = YES_ERROR;
				CLANG_WARN_QUOTED_INCLUDE_IN_FRAMEWORK_HEADER = YES;
				CLANG_WARN_RANGE_LOOP_ANALYSIS = YES;
				CLANG_WARN_STRICT_PROTOTYPES = YES;
				CLANG_WARN_SUSPICIOUS_MOVE = YES;
				CLANG_WARN_UNGUARDED_AVAILABILITY = YES_AGGRESSIVE;
				CLANG_WARN_UNREACHABLE_CODE = YES;
				CLANG_WARN__DUPLICATE_METHOD_MATCH = YES;
				COPY_PHASE_STRIP = NO;
				CURRENT_PROJECT_VERSION = 1;
				DEBUG_INFORMATION_FORMAT = "dwarf-with-dsym";
				ENABLE_NS_ASSERTIONS = NO;
				ENABLE_STRICT_OBJC_MSGSEND = YES;
				ENABLE_USER_SCRIPT_SANDBOXING = YES;
				GCC_C_LANGUAGE_STANDARD = gnu17;
				GCC_NO_COMMON_BLOCKS = YES;
				GCC_WARN_64_TO_32_BIT_CONVERSION = YES;
				GCC_WARN_ABOUT_RETURN_TYPE = YES_ERROR;
				GCC_WARN_UNDECLARED_SELECTOR = YES;
				GCC_WARN_UNINITIALIZED_AUTOS = YES_AGGRESSIVE;
				GCC_WARN_UNUSED_FUNCTION = YES;
				GCC_WARN_UNUSED_VARIABLE = YES;
				IPHONEOS_DEPLOYMENT_TARGET = 12.0;
				LOCALIZATION_PREFERS_STRING_CATALOGS = YES;
				MTL_ENABLE_DEBUG_INFO = NO;
				MTL_FAST_MATH = YES;
				SDKROOT = iphoneos;
				VALIDATE_PRODUCT = YES;
				VERSIONING_SYSTEM = "apple-generic";
				VERSION_INFO_PREFIX = "";
			};
			name = Release;
		};
		CF6A5BEB2CDDF65F0086255E /* Debug */ = {
			isa = XCBuildConfiguration;
			buildSettings = {
				CODE_SIGN_STYLE = Automatic;
				CURRENT_PROJECT_VERSION = 1;
				DEFINES_MODULE = YES;
				DYLIB_COMPATIBILITY_VERSION = 1;
				DYLIB_CURRENT_VERSION = 1;
				DYLIB_INSTALL_NAME_BASE = "@rpath";
				ENABLE_MODULE_VERIFIER = YES;
				GENERATE_INFOPLIST_FILE = YES;
				INFOPLIST_KEY_NSHumanReadableCopyright = "";
				INSTALL_PATH = "$(LOCAL_LIBRARY_DIR)/Frameworks";
				IPHONEOS_DEPLOYMENT_TARGET = 12.0;
				LD_RUNPATH_SEARCH_PATHS = (
					"$(inherited)",
					"@executable_path/Frameworks",
					"@loader_path/Frameworks",
				);
				MARKETING_VERSION = 1.0;
				MODULE_VERIFIER_SUPPORTED_LANGUAGES = "objective-c objective-c++";
				MODULE_VERIFIER_SUPPORTED_LANGUAGE_STANDARDS = "gnu17 gnu++20";
				PRODUCT_BUNDLE_IDENTIFIER = Coremail.SMIMECrypt;
				PRODUCT_NAME = "$(TARGET_NAME:c99extidentifier)";
				SKIP_INSTALL = YES;
				SWIFT_EMIT_LOC_STRINGS = YES;
				TARGETED_DEVICE_FAMILY = "1,2";
			};
			name = Debug;
		};
		CF6A5BEC2CDDF65F0086255E /* Release */ = {
			isa = XCBuildConfiguration;
			buildSettings = {
				CODE_SIGN_STYLE = Automatic;
				CURRENT_PROJECT_VERSION = 1;
				DEFINES_MODULE = YES;
				DYLIB_COMPATIBILITY_VERSION = 1;
				DYLIB_CURRENT_VERSION = 1;
				DYLIB_INSTALL_NAME_BASE = "@rpath";
				ENABLE_MODULE_VERIFIER = YES;
				GENERATE_INFOPLIST_FILE = YES;
				INFOPLIST_KEY_NSHumanReadableCopyright = "";
				INSTALL_PATH = "$(LOCAL_LIBRARY_DIR)/Frameworks";
				IPHONEOS_DEPLOYMENT_TARGET = 12.0;
				LD_RUNPATH_SEARCH_PATHS = (
					"$(inherited)",
					"@executable_path/Frameworks",
					"@loader_path/Frameworks",
				);
				MARKETING_VERSION = 1.0;
				MODULE_VERIFIER_SUPPORTED_LANGUAGES = "objective-c objective-c++";
				MODULE_VERIFIER_SUPPORTED_LANGUAGE_STANDARDS = "gnu17 gnu++20";
				PRODUCT_BUNDLE_IDENTIFIER = Coremail.SMIMECrypt;
				PRODUCT_NAME = "$(TARGET_NAME:c99extidentifier)";
				SKIP_INSTALL = YES;
				SWIFT_EMIT_LOC_STRINGS = YES;
				TARGETED_DEVICE_FAMILY = "1,2";
			};
			name = Release;
		};
/* End XCBuildConfiguration section */

/* Begin XCConfigurationList section */
		CF6A5BDD2CDDF65F0086255E /* Build configuration list for PBXProject "SMIMECrypt" */ = {
			isa = XCConfigurationList;
			buildConfigurations = (
				CF6A5BE82CDDF65F0086255E /* Debug */,
				CF6A5BE92CDDF65F0086255E /* Release */,
			);
			defaultConfigurationIsVisible = 0;
			defaultConfigurationName = Release;
		};
		CF6A5BEA2CDDF65F0086255E /* Build configuration list for PBXNativeTarget "SMIMECrypt" */ = {
			isa = XCConfigurationList;
			buildConfigurations = (
				CF6A5BEB2CDDF65F0086255E /* Debug */,
				CF6A5BEC2CDDF65F0086255E /* Release */,
			);
			defaultConfigurationIsVisible = 0;
			defaultConfigurationName = Release;
		};
/* End XCConfigurationList section */
	};
	rootObject = CF6A5BDA2CDDF65F0086255E /* Project object */;
}
